
Microsoft Visual Studio Solution File, Format Version 12.00
Project("{FAE04EC0-301F-11D3-BF4B-00C04F79EFBC}") = "Billups.Api", "Billups.Api\Billups.Api.csproj", "{69EFF636-1C20-4E0B-8F78-833CD5B9BA5C}"
EndProject
Project("{FAE04EC0-301F-11D3-BF4B-00C04F79EFBC}") = "Billups.Application", "Billups.Application\Billups.Application.csproj", "{0055D31E-ED12-4375-8EF0-C0CA1CF7B797}"
EndProject
Project("{FAE04EC0-301F-11D3-BF4B-00C04F79EFBC}") = "Billups.Domain", "Billups.Domain\Billups.Domain.csproj", "{DE9A028C-E10D-42D5-95DB-1E5710DE4A52}"
EndProject
Project("{FAE04EC0-301F-11D3-BF4B-00C04F79EFBC}") = "Billups.Infrastructure", "Billups.Infrastructure\Billups.Infrastructure.csproj", "{355AAB80-CD7C-4BFE-B294-AAFE7B69D937}"
EndProject
Global
	GlobalSection(SolutionConfigurationPlatforms) = preSolution
		Debug|Any CPU = Debug|Any CPU
		Release|Any CPU = Release|Any CPU
	EndGlobalSection
	GlobalSection(ProjectConfigurationPlatforms) = postSolution
		{69EFF636-1C20-4E0B-8F78-833CD5B9BA5C}.Debug|Any CPU.ActiveCfg = Debug|Any CPU
		{69EFF636-1C20-4E0B-8F78-833CD5B9BA5C}.Debug|Any CPU.Build.0 = Debug|Any CPU
		{69EFF636-1C20-4E0B-8F78-833CD5B9BA5C}.Release|Any CPU.ActiveCfg = Release|Any CPU
		{69EFF636-1C20-4E0B-8F78-833CD5B9BA5C}.Release|Any CPU.Build.0 = Release|Any CPU
		{0055D31E-ED12-4375-8EF0-C0CA1CF7B797}.Debug|Any CPU.ActiveCfg = Debug|Any CPU
		{0055D31E-ED12-4375-8EF0-C0CA1CF7B797}.Debug|Any CPU.Build.0 = Debug|Any CPU
		{0055D31E-ED12-4375-8EF0-C0CA1CF7B797}.Release|Any CPU.ActiveCfg = Release|Any CPU
		{0055D31E-ED12-4375-8EF0-C0CA1CF7B797}.Release|Any CPU.Build.0 = Release|Any CPU
		{DE9A028C-E10D-42D5-95DB-1E5710DE4A52}.Debug|Any CPU.ActiveCfg = Debug|Any CPU
		{DE9A028C-E10D-42D5-95DB-1E5710DE4A52}.Debug|Any CPU.Build.0 = Debug|Any CPU
		{DE9A028C-E10D-42D5-95DB-1E5710DE4A52}.Release|Any CPU.ActiveCfg = Release|Any CPU
		{DE9A028C-E10D-42D5-95DB-1E5710DE4A52}.Release|Any CPU.Build.0 = Release|Any CPU
		{355AAB80-CD7C-4BFE-B294-AAFE7B69D937}.Debug|Any CPU.ActiveCfg = Debug|Any CPU
		{355AAB80-CD7C-4BFE-B294-AAFE7B69D937}.Debug|Any CPU.Build.0 = Debug|Any CPU
		{355AAB80-CD7C-4BFE-B294-AAFE7B69D937}.Release|Any CPU.ActiveCfg = Release|Any CPU
		{355AAB80-CD7C-4BFE-B294-AAFE7B69D937}.Release|Any CPU.Build.0 = Release|Any CPU
	EndGlobalSection
EndGlobal
